
Microsoft Visual Studio Solution File, Format Version 12.00
# Visual Studio 2013
VisualStudioVersion = 12.0.21005.1
MinimumVisualStudioVersion = 10.0.40219.1
Project("{2150E333-8FDC-42A3-9474-1A3956D46DE8}") = "1. Web", "1. Web", "{C2A411CA-1311-4FAB-92DA-95172B7865B5}"
EndProject
Project("{2150E333-8FDC-42A3-9474-1A3956D46DE8}") = "6. Entities", "6. Entities", "{21004D55-92BB-4819-812F-35530B96759A}"
EndProject
Project("{2150E333-8FDC-42A3-9474-1A3956D46DE8}") = "7. Database", "7. Database", "{7E5A7467-FD04-4F9D-A3CE-9BB8818CEC4E}"
EndProject
Project("{2150E333-8FDC-42A3-9474-1A3956D46DE8}") = "3. Facade", "3. Facade", "{39A88B0B-D8FE-4ED2-8180-DDFBB85E22CB}"
EndProject
Project("{FAE04EC0-301F-11D3-BF4B-00C04F79EFBC}") = "NearAndBest.Database", "NearAndBest.Database\NearAndBest.Database.csproj", "{89A0FD37-B5E5-49D7-8245-4D1E89427A31}"
EndProject
Project("{FAE04EC0-301F-11D3-BF4B-00C04F79EFBC}") = "NearAndBest.Entities", "NearAndBest.Entities\NearAndBest.Entities.csproj", "{4EBEF9F5-58F4-4D39-B021-06EDDA1A75EE}"
EndProject
Project("{2150E333-8FDC-42A3-9474-1A3956D46DE8}") = "5. DTOs", "5. DTOs", "{2675F76A-B1FE-4FFF-9DE7-D1C821930534}"
EndProject
Project("{FAE04EC0-301F-11D3-BF4B-00C04F79EFBC}") = "NearAndBest.DTOs", "NearAndBest.DTOs\NearAndBest.DTOs.csproj", "{B8126598-C66C-4D70-ADC2-1E046322DD17}"
EndProject
Project("{FAE04EC0-301F-11D3-BF4B-00C04F79EFBC}") = "NearAndBest.Facade", "NearAndBest.Facade\NearAndBest.Facade.csproj", "{3E24A24C-ED98-4728-BDAC-C8B0E522D368}"
EndProject
Project("{FAE04EC0-301F-11D3-BF4B-00C04F79EFBC}") = "NearAndBest.IFacade", "NearAndBest.IFacade\NearAndBest.IFacade.csproj", "{36D33B98-5E33-44C6-A460-6D37362F4BF3}"
EndProject
Project("{FAE04EC0-301F-11D3-BF4B-00C04F79EFBC}") = "NearAndBest.Facade.UnitTest", "NearAndBest.Facade.UnitTest\NearAndBest.Facade.UnitTest.csproj", "{E9DF78E4-C056-4700-AE65-FD8980C0413A}"
EndProject
Project("{FAE04EC0-301F-11D3-BF4B-00C04F79EFBC}") = "NearAndBest.WebServices", "NearAndBest.WebServices\NearAndBest.WebServices.csproj", "{67CA03CD-B17C-4FEF-B25A-4A2927BADB24}"
EndProject
Project("{FAE04EC0-301F-11D3-BF4B-00C04F79EFBC}") = "NearAndBest.Web", "NearAndBest.Web\NearAndBest.Web.csproj", "{ECEB3FAE-95FA-49C9-86F6-694922967C41}"
EndProject
Project("{FAE04EC0-301F-11D3-BF4B-00C04F79EFBC}") = "NearAndBest.Web.Tests", "NearAndBest.Web.Tests\NearAndBest.Web.Tests.csproj", "{A824C854-70EA-4363-BD79-EA86BFFAB882}"
EndProject
Project("{2150E333-8FDC-42A3-9474-1A3956D46DE8}") = "2. Services", "2. Services", "{42F8F1DC-B361-49D3-8C3C-831807D9CBB2}"
EndProject
Project("{2150E333-8FDC-42A3-9474-1A3956D46DE8}") = "4. Business", "4. Business", "{34808363-900C-4638-B33E-F8192325521E}"
EndProject
Project("{FAE04EC0-301F-11D3-BF4B-00C04F79EFBC}") = "NearAndBest.Business", "NearAndBest.Business\NearAndBest.Business.csproj", "{BE004ACA-4041-4AF9-914F-5B8449F425F3}"
EndProject
Project("{FAE04EC0-301F-11D3-BF4B-00C04F79EFBC}") = "NearAndBest.WebService.Test", "NearAndBest.WebService.Test\NearAndBest.WebService.Test.csproj", "{7F806DED-5A04-471E-A214-DA6866639817}"
EndProject
Project("{FAE04EC0-301F-11D3-BF4B-00C04F79EFBC}") = "NearAndBest.Models", "NearAndBest.Models\NearAndBest.Models.csproj", "{C2BA2E86-55B9-403B-B4AE-1F608F3BC2EB}"
EndProject
Global
	GlobalSection(SolutionConfigurationPlatforms) = preSolution
		Debug|Any CPU = Debug|Any CPU
		Release|Any CPU = Release|Any CPU
	EndGlobalSection
	GlobalSection(ProjectConfigurationPlatforms) = postSolution
		{89A0FD37-B5E5-49D7-8245-4D1E89427A31}.Debug|Any CPU.ActiveCfg = Debug|Any CPU
		{89A0FD37-B5E5-49D7-8245-4D1E89427A31}.Debug|Any CPU.Build.0 = Debug|Any CPU
		{89A0FD37-B5E5-49D7-8245-4D1E89427A31}.Release|Any CPU.ActiveCfg = Release|Any CPU
		{89A0FD37-B5E5-49D7-8245-4D1E89427A31}.Release|Any CPU.Build.0 = Release|Any CPU
		{4EBEF9F5-58F4-4D39-B021-06EDDA1A75EE}.Debug|Any CPU.ActiveCfg = Debug|Any CPU
		{4EBEF9F5-58F4-4D39-B021-06EDDA1A75EE}.Debug|Any CPU.Build.0 = Debug|Any CPU
		{4EBEF9F5-58F4-4D39-B021-06EDDA1A75EE}.Release|Any CPU.ActiveCfg = Release|Any CPU
		{4EBEF9F5-58F4-4D39-B021-06EDDA1A75EE}.Release|Any CPU.Build.0 = Release|Any CPU
		{B8126598-C66C-4D70-ADC2-1E046322DD17}.Debug|Any CPU.ActiveCfg = Debug|Any CPU
		{B8126598-C66C-4D70-ADC2-1E046322DD17}.Debug|Any CPU.Build.0 = Debug|Any CPU
		{B8126598-C66C-4D70-ADC2-1E046322DD17}.Release|Any CPU.ActiveCfg = Release|Any CPU
		{B8126598-C66C-4D70-ADC2-1E046322DD17}.Release|Any CPU.Build.0 = Release|Any CPU
		{3E24A24C-ED98-4728-BDAC-C8B0E522D368}.Debug|Any CPU.ActiveCfg = Debug|Any CPU
		{3E24A24C-ED98-4728-BDAC-C8B0E522D368}.Debug|Any CPU.Build.0 = Debug|Any CPU
		{3E24A24C-ED98-4728-BDAC-C8B0E522D368}.Release|Any CPU.ActiveCfg = Release|Any CPU
		{3E24A24C-ED98-4728-BDAC-C8B0E522D368}.Release|Any CPU.Build.0 = Release|Any CPU
		{36D33B98-5E33-44C6-A460-6D37362F4BF3}.Debug|Any CPU.ActiveCfg = Debug|Any CPU
		{36D33B98-5E33-44C6-A460-6D37362F4BF3}.Debug|Any CPU.Build.0 = Debug|Any CPU
		{36D33B98-5E33-44C6-A460-6D37362F4BF3}.Release|Any CPU.ActiveCfg = Release|Any CPU
		{36D33B98-5E33-44C6-A460-6D37362F4BF3}.Release|Any CPU.Build.0 = Release|Any CPU
		{E9DF78E4-C056-4700-AE65-FD8980C0413A}.Debug|Any CPU.ActiveCfg = Debug|Any CPU
		{E9DF78E4-C056-4700-AE65-FD8980C0413A}.Debug|Any CPU.Build.0 = Debug|Any CPU
		{E9DF78E4-C056-4700-AE65-FD8980C0413A}.Release|Any CPU.ActiveCfg = Release|Any CPU
		{E9DF78E4-C056-4700-AE65-FD8980C0413A}.Release|Any CPU.Build.0 = Release|Any CPU
		{67CA03CD-B17C-4FEF-B25A-4A2927BADB24}.Debug|Any CPU.ActiveCfg = Debug|Any CPU
		{67CA03CD-B17C-4FEF-B25A-4A2927BADB24}.Debug|Any CPU.Build.0 = Debug|Any CPU
		{67CA03CD-B17C-4FEF-B25A-4A2927BADB24}.Release|Any CPU.ActiveCfg = Release|Any CPU
		{67CA03CD-B17C-4FEF-B25A-4A2927BADB24}.Release|Any CPU.Build.0 = Release|Any CPU
		{ECEB3FAE-95FA-49C9-86F6-694922967C41}.Debug|Any CPU.ActiveCfg = Debug|Any CPU
		{ECEB3FAE-95FA-49C9-86F6-694922967C41}.Debug|Any CPU.Build.0 = Debug|Any CPU
		{ECEB3FAE-95FA-49C9-86F6-694922967C41}.Release|Any CPU.ActiveCfg = Release|Any CPU
		{ECEB3FAE-95FA-49C9-86F6-694922967C41}.Release|Any CPU.Build.0 = Release|Any CPU
		{A824C854-70EA-4363-BD79-EA86BFFAB882}.Debug|Any CPU.ActiveCfg = Debug|Any CPU
		{A824C854-70EA-4363-BD79-EA86BFFAB882}.Debug|Any CPU.Build.0 = Debug|Any CPU
		{A824C854-70EA-4363-BD79-EA86BFFAB882}.Release|Any CPU.ActiveCfg = Release|Any CPU
		{A824C854-70EA-4363-BD79-EA86BFFAB882}.Release|Any CPU.Build.0 = Release|Any CPU
		{BE004ACA-4041-4AF9-914F-5B8449F425F3}.Debug|Any CPU.ActiveCfg = Debug|Any CPU
		{BE004ACA-4041-4AF9-914F-5B8449F425F3}.Debug|Any CPU.Build.0 = Debug|Any CPU
		{BE004ACA-4041-4AF9-914F-5B8449F425F3}.Release|Any CPU.ActiveCfg = Release|Any CPU
		{BE004ACA-4041-4AF9-914F-5B8449F425F3}.Release|Any CPU.Build.0 = Release|Any CPU
		{7F806DED-5A04-471E-A214-DA6866639817}.Debug|Any CPU.ActiveCfg = Debug|Any CPU
		{7F806DED-5A04-471E-A214-DA6866639817}.Debug|Any CPU.Build.0 = Debug|Any CPU
		{7F806DED-5A04-471E-A214-DA6866639817}.Release|Any CPU.ActiveCfg = Release|Any CPU
		{7F806DED-5A04-471E-A214-DA6866639817}.Release|Any CPU.Build.0 = Release|Any CPU
		{C2BA2E86-55B9-403B-B4AE-1F608F3BC2EB}.Debug|Any CPU.ActiveCfg = Debug|Any CPU
		{C2BA2E86-55B9-403B-B4AE-1F608F3BC2EB}.Debug|Any CPU.Build.0 = Debug|Any CPU
		{C2BA2E86-55B9-403B-B4AE-1F608F3BC2EB}.Release|Any CPU.ActiveCfg = Release|Any CPU
		{C2BA2E86-55B9-403B-B4AE-1F608F3BC2EB}.Release|Any CPU.Build.0 = Release|Any CPU
	EndGlobalSection
	GlobalSection(SolutionProperties) = preSolution
		HideSolutionNode = FALSE
	EndGlobalSection
	GlobalSection(NestedProjects) = preSolution
		{ECEB3FAE-95FA-49C9-86F6-694922967C41} = {C2A411CA-1311-4FAB-92DA-95172B7865B5}
		{A824C854-70EA-4363-BD79-EA86BFFAB882} = {C2A411CA-1311-4FAB-92DA-95172B7865B5}
		{4EBEF9F5-58F4-4D39-B021-06EDDA1A75EE} = {21004D55-92BB-4819-812F-35530B96759A}
		{89A0FD37-B5E5-49D7-8245-4D1E89427A31} = {7E5A7467-FD04-4F9D-A3CE-9BB8818CEC4E}
		{3E24A24C-ED98-4728-BDAC-C8B0E522D368} = {39A88B0B-D8FE-4ED2-8180-DDFBB85E22CB}
		{36D33B98-5E33-44C6-A460-6D37362F4BF3} = {39A88B0B-D8FE-4ED2-8180-DDFBB85E22CB}
		{E9DF78E4-C056-4700-AE65-FD8980C0413A} = {39A88B0B-D8FE-4ED2-8180-DDFBB85E22CB}
		{B8126598-C66C-4D70-ADC2-1E046322DD17} = {2675F76A-B1FE-4FFF-9DE7-D1C821930534}
		{67CA03CD-B17C-4FEF-B25A-4A2927BADB24} = {42F8F1DC-B361-49D3-8C3C-831807D9CBB2}
		{7F806DED-5A04-471E-A214-DA6866639817} = {42F8F1DC-B361-49D3-8C3C-831807D9CBB2}
		{C2BA2E86-55B9-403B-B4AE-1F608F3BC2EB} = {42F8F1DC-B361-49D3-8C3C-831807D9CBB2}
		{BE004ACA-4041-4AF9-914F-5B8449F425F3} = {34808363-900C-4638-B33E-F8192325521E}
	EndGlobalSection
EndGlobal
